
Microsoft Visual Studio Solution File, Format Version 12.00
# Visual Studio Version 17
VisualStudioVersion = 17.9.34622.214
MinimumVisualStudioVersion = 10.0.40219.1
Project("{FAE04EC0-301F-11D3-BF4B-00C04F79EFBC}") = "MvcCoreEntregaContinua", "MvcCoreEntregaContinua\MvcCoreEntregaContinua.csproj", "{B4B086CF-ECB0-4A4D-865A-CD7A22C7222D}"
EndProject
Global
	GlobalSection(SolutionConfigurationPlatforms) = preSolution
		Debug|Any CPU = Debug|Any CPU
		Release|Any CPU = Release|Any CPU
	EndGlobalSection
	GlobalSection(ProjectConfigurationPlatforms) = postSolution
		{B4B086CF-ECB0-4A4D-865A-CD7A22C7222D}.Debug|Any CPU.ActiveCfg = Debug|Any CPU
		{B4B086CF-ECB0-4A4D-865A-CD7A22C7222D}.Debug|Any CPU.Build.0 = Debug|Any CPU
		{B4B086CF-ECB0-4A4D-865A-CD7A22C7222D}.Release|Any CPU.ActiveCfg = Release|Any CPU
		{B4B086CF-ECB0-4A4D-865A-CD7A22C7222D}.Release|Any CPU.Build.0 = Release|Any CPU
	EndGlobalSection
	GlobalSection(SolutionProperties) = preSolution
		HideSolutionNode = FALSE
	EndGlobalSection
	GlobalSection(ExtensibilityGlobals) = postSolution
		SolutionGuid = {AF830643-9C92-4EC7-8349-CD13EBDE2876}
	EndGlobalSection
EndGlobal
